<?xml version="1.0" encoding="UTF-8" standalone="yes" ?>
<CodeBlocks_project_file>
	<FileVersion major="1" minor="6" />
	<Project>
		<Option title="solucion_ecuaciones3incognitas" />
		<Option pch_mode="2" />
		<Option compiler="gcc" />
		<Build>
			<Target title="Debug">
				<Option output="bin/Debug/solucion_ecuaciones3incognitas" prefix_auto="1" extension_auto="1" />
				<Option object_output="obj/Debug/" />
				<Option type="1" />
				<Option compiler="gcc" />
				<Compiler>
					<Add option="-g" />
				</Compiler>
			</Target>
			<Target title="Release">
				<Option output="bin/Release/solucion_ecuaciones3incognitas" prefix_auto="1" extension_auto="1" />
				<Option object_output="obj/Release/" />
				<Option type="1" />
				<Option compiler="gcc" />
				<Compiler>
					<Add option="-O2" />
				</Compiler>
				<Linker>
					<Add option="-s" />
				</Linker>
			</Target>
		</Build>
		<Compiler>
			<Add option="-Wall" />
			<Add option="-fexceptions" />
			<Add directory="../utilitarios" />
		</Compiler>
		<Unit filename="../utilitarios/_complex.cc" />
		<Unit filename="../utilitarios/_complex.h" />
		<Unit filename="define.h" />
		<Unit filename="determinante3x3.cc" />
		<Unit filename="determinante3x3.h" />
		<Unit filename="ecuaciones3incog.cc" />
		<Unit filename="ecuaciones3incog.h" />
		<Unit filename="main_ecuaciones3det.cc" />
		<Extensions />
	</Project>
</CodeBlocks_project_file>
